
Microsoft Visual Studio Solution File, Format Version 12.00
# Visual Studio 2012
Project("{8BC9CEB8-8B4A-11D0-8D11-00A0C91BC942}") = "Q34ASCIIvalues", "Q34ASCIIvalues\Q34ASCIIvalues.vcxproj", "{E522CF93-D6F9-4DBB-9DFF-A158EA20EE7C}"
EndProject
Global
	GlobalSection(SolutionConfigurationPlatforms) = preSolution
		Debug|Win32 = Debug|Win32
		Release|Win32 = Release|Win32
	EndGlobalSection
	GlobalSection(ProjectConfigurationPlatforms) = postSolution
		{E522CF93-D6F9-4DBB-9DFF-A158EA20EE7C}.Debug|Win32.ActiveCfg = Debug|Win32
		{E522CF93-D6F9-4DBB-9DFF-A158EA20EE7C}.Debug|Win32.Build.0 = Debug|Win32
		{E522CF93-D6F9-4DBB-9DFF-A158EA20EE7C}.Release|Win32.ActiveCfg = Release|Win32
		{E522CF93-D6F9-4DBB-9DFF-A158EA20EE7C}.Release|Win32.Build.0 = Release|Win32
	EndGlobalSection
	GlobalSection(SolutionProperties) = preSolution
		HideSolutionNode = FALSE
	EndGlobalSection
EndGlobal
