
Microsoft Visual Studio Solution File, Format Version 12.00
# Visual Studio 2012
Project("{8BC9CEB8-8B4A-11D0-8D11-00A0C91BC942}") = "constantPointer", "constantPointer\constantPointer.vcxproj", "{90625C51-C5BB-4360-9193-113934C06BCD}"
EndProject
Global
	GlobalSection(SolutionConfigurationPlatforms) = preSolution
		Debug|Win32 = Debug|Win32
		Release|Win32 = Release|Win32
	EndGlobalSection
	GlobalSection(ProjectConfigurationPlatforms) = postSolution
		{90625C51-C5BB-4360-9193-113934C06BCD}.Debug|Win32.ActiveCfg = Debug|Win32
		{90625C51-C5BB-4360-9193-113934C06BCD}.Debug|Win32.Build.0 = Debug|Win32
		{90625C51-C5BB-4360-9193-113934C06BCD}.Release|Win32.ActiveCfg = Release|Win32
		{90625C51-C5BB-4360-9193-113934C06BCD}.Release|Win32.Build.0 = Release|Win32
	EndGlobalSection
	GlobalSection(SolutionProperties) = preSolution
		HideSolutionNode = FALSE
	EndGlobalSection
EndGlobal
