
Microsoft Visual Studio Solution File, Format Version 12.00
# Visual Studio 2012
Project("{8BC9CEB8-8B4A-11D0-8D11-00A0C91BC942}") = "BinarySearchTree", "BinarySearchTree\BinarySearchTree.vcxproj", "{40F8EEB6-3F42-4606-BF79-88C82E4D2FA6}"
EndProject
Global
	GlobalSection(SolutionConfigurationPlatforms) = preSolution
		Debug|Win32 = Debug|Win32
		Release|Win32 = Release|Win32
	EndGlobalSection
	GlobalSection(ProjectConfigurationPlatforms) = postSolution
		{40F8EEB6-3F42-4606-BF79-88C82E4D2FA6}.Debug|Win32.ActiveCfg = Debug|Win32
		{40F8EEB6-3F42-4606-BF79-88C82E4D2FA6}.Debug|Win32.Build.0 = Debug|Win32
		{40F8EEB6-3F42-4606-BF79-88C82E4D2FA6}.Release|Win32.ActiveCfg = Release|Win32
		{40F8EEB6-3F42-4606-BF79-88C82E4D2FA6}.Release|Win32.Build.0 = Release|Win32
	EndGlobalSection
	GlobalSection(SolutionProperties) = preSolution
		HideSolutionNode = FALSE
	EndGlobalSection
EndGlobal
