
Microsoft Visual Studio Solution File, Format Version 12.00
# Visual Studio 2012
Project("{8BC9CEB8-8B4A-11D0-8D11-00A0C91BC942}") = "pointerToConstant", "pointerToConstant\pointerToConstant.vcxproj", "{3822C6AC-AD14-4CF8-9BB3-FEA268730048}"
EndProject
Global
	GlobalSection(SolutionConfigurationPlatforms) = preSolution
		Debug|Win32 = Debug|Win32
		Release|Win32 = Release|Win32
	EndGlobalSection
	GlobalSection(ProjectConfigurationPlatforms) = postSolution
		{3822C6AC-AD14-4CF8-9BB3-FEA268730048}.Debug|Win32.ActiveCfg = Debug|Win32
		{3822C6AC-AD14-4CF8-9BB3-FEA268730048}.Debug|Win32.Build.0 = Debug|Win32
		{3822C6AC-AD14-4CF8-9BB3-FEA268730048}.Release|Win32.ActiveCfg = Release|Win32
		{3822C6AC-AD14-4CF8-9BB3-FEA268730048}.Release|Win32.Build.0 = Release|Win32
	EndGlobalSection
	GlobalSection(SolutionProperties) = preSolution
		HideSolutionNode = FALSE
	EndGlobalSection
EndGlobal
