
Microsoft Visual Studio Solution File, Format Version 12.00
# Visual Studio 2012
Project("{8BC9CEB8-8B4A-11D0-8D11-00A0C91BC942}") = "Q17insertNewValue", "Q17insertNewValue\Q17insertNewValue.vcxproj", "{BA316C46-1DB2-4B54-B98A-8EF25A9F9AD4}"
EndProject
Global
	GlobalSection(SolutionConfigurationPlatforms) = preSolution
		Debug|Win32 = Debug|Win32
		Release|Win32 = Release|Win32
	EndGlobalSection
	GlobalSection(ProjectConfigurationPlatforms) = postSolution
		{BA316C46-1DB2-4B54-B98A-8EF25A9F9AD4}.Debug|Win32.ActiveCfg = Debug|Win32
		{BA316C46-1DB2-4B54-B98A-8EF25A9F9AD4}.Debug|Win32.Build.0 = Debug|Win32
		{BA316C46-1DB2-4B54-B98A-8EF25A9F9AD4}.Release|Win32.ActiveCfg = Release|Win32
		{BA316C46-1DB2-4B54-B98A-8EF25A9F9AD4}.Release|Win32.Build.0 = Release|Win32
	EndGlobalSection
	GlobalSection(SolutionProperties) = preSolution
		HideSolutionNode = FALSE
	EndGlobalSection
EndGlobal
