
Microsoft Visual Studio Solution File, Format Version 12.00
# Visual Studio 2012
Project("{8BC9CEB8-8B4A-11D0-8D11-00A0C91BC942}") = "Q22appendString", "Q22appendString\Q22appendString.vcxproj", "{F1DDC3FF-0A3A-4D56-B370-80F7A9F486BB}"
EndProject
Global
	GlobalSection(SolutionConfigurationPlatforms) = preSolution
		Debug|Win32 = Debug|Win32
		Release|Win32 = Release|Win32
	EndGlobalSection
	GlobalSection(ProjectConfigurationPlatforms) = postSolution
		{F1DDC3FF-0A3A-4D56-B370-80F7A9F486BB}.Debug|Win32.ActiveCfg = Debug|Win32
		{F1DDC3FF-0A3A-4D56-B370-80F7A9F486BB}.Debug|Win32.Build.0 = Debug|Win32
		{F1DDC3FF-0A3A-4D56-B370-80F7A9F486BB}.Release|Win32.ActiveCfg = Release|Win32
		{F1DDC3FF-0A3A-4D56-B370-80F7A9F486BB}.Release|Win32.Build.0 = Release|Win32
	EndGlobalSection
	GlobalSection(SolutionProperties) = preSolution
		HideSolutionNode = FALSE
	EndGlobalSection
EndGlobal
