
Microsoft Visual Studio Solution File, Format Version 12.00
# Visual Studio 2012
Project("{8BC9CEB8-8B4A-11D0-8D11-00A0C91BC942}") = "Q12largestElement", "Q12largestElement\Q12largestElement.vcxproj", "{F1292458-8A60-40DF-ABA9-C4D3E5AD48E2}"
EndProject
Global
	GlobalSection(SolutionConfigurationPlatforms) = preSolution
		Debug|Win32 = Debug|Win32
		Release|Win32 = Release|Win32
	EndGlobalSection
	GlobalSection(ProjectConfigurationPlatforms) = postSolution
		{F1292458-8A60-40DF-ABA9-C4D3E5AD48E2}.Debug|Win32.ActiveCfg = Debug|Win32
		{F1292458-8A60-40DF-ABA9-C4D3E5AD48E2}.Debug|Win32.Build.0 = Debug|Win32
		{F1292458-8A60-40DF-ABA9-C4D3E5AD48E2}.Release|Win32.ActiveCfg = Release|Win32
		{F1292458-8A60-40DF-ABA9-C4D3E5AD48E2}.Release|Win32.Build.0 = Release|Win32
	EndGlobalSection
	GlobalSection(SolutionProperties) = preSolution
		HideSolutionNode = FALSE
	EndGlobalSection
EndGlobal
