
Microsoft Visual Studio Solution File, Format Version 12.00
# Visual Studio 2012
Project("{8BC9CEB8-8B4A-11D0-8D11-00A0C91BC942}") = "Q44appendNcharacters", "Q44appendNcharacters\Q44appendNcharacters.vcxproj", "{2227935D-7500-4F07-A2EF-3ADA75E9B284}"
EndProject
Global
	GlobalSection(SolutionConfigurationPlatforms) = preSolution
		Debug|Win32 = Debug|Win32
		Release|Win32 = Release|Win32
	EndGlobalSection
	GlobalSection(ProjectConfigurationPlatforms) = postSolution
		{2227935D-7500-4F07-A2EF-3ADA75E9B284}.Debug|Win32.ActiveCfg = Debug|Win32
		{2227935D-7500-4F07-A2EF-3ADA75E9B284}.Debug|Win32.Build.0 = Debug|Win32
		{2227935D-7500-4F07-A2EF-3ADA75E9B284}.Release|Win32.ActiveCfg = Release|Win32
		{2227935D-7500-4F07-A2EF-3ADA75E9B284}.Release|Win32.Build.0 = Release|Win32
	EndGlobalSection
	GlobalSection(SolutionProperties) = preSolution
		HideSolutionNode = FALSE
	EndGlobalSection
EndGlobal
