
Microsoft Visual Studio Solution File, Format Version 12.00
# Visual Studio 2012
Project("{8BC9CEB8-8B4A-11D0-8D11-00A0C91BC942}") = "Q22copyLastNcharacters", "Q22copyLastNcharacters\Q22copyLastNcharacters.vcxproj", "{1986D23A-14D9-4159-85BD-773EB2355925}"
EndProject
Global
	GlobalSection(SolutionConfigurationPlatforms) = preSolution
		Debug|Win32 = Debug|Win32
		Release|Win32 = Release|Win32
	EndGlobalSection
	GlobalSection(ProjectConfigurationPlatforms) = postSolution
		{1986D23A-14D9-4159-85BD-773EB2355925}.Debug|Win32.ActiveCfg = Debug|Win32
		{1986D23A-14D9-4159-85BD-773EB2355925}.Debug|Win32.Build.0 = Debug|Win32
		{1986D23A-14D9-4159-85BD-773EB2355925}.Release|Win32.ActiveCfg = Release|Win32
		{1986D23A-14D9-4159-85BD-773EB2355925}.Release|Win32.Build.0 = Release|Win32
	EndGlobalSection
	GlobalSection(SolutionProperties) = preSolution
		HideSolutionNode = FALSE
	EndGlobalSection
EndGlobal
