
Microsoft Visual Studio Solution File, Format Version 12.00
# Visual Studio 2012
Project("{8BC9CEB8-8B4A-11D0-8D11-00A0C91BC942}") = "Q11sumOfAllElements", "Q11sumOfAllElements\Q11sumOfAllElements.vcxproj", "{38EE727C-B222-4A50-83E9-BA0960E37B64}"
EndProject
Global
	GlobalSection(SolutionConfigurationPlatforms) = preSolution
		Debug|Win32 = Debug|Win32
		Release|Win32 = Release|Win32
	EndGlobalSection
	GlobalSection(ProjectConfigurationPlatforms) = postSolution
		{38EE727C-B222-4A50-83E9-BA0960E37B64}.Debug|Win32.ActiveCfg = Debug|Win32
		{38EE727C-B222-4A50-83E9-BA0960E37B64}.Debug|Win32.Build.0 = Debug|Win32
		{38EE727C-B222-4A50-83E9-BA0960E37B64}.Release|Win32.ActiveCfg = Release|Win32
		{38EE727C-B222-4A50-83E9-BA0960E37B64}.Release|Win32.Build.0 = Release|Win32
	EndGlobalSection
	GlobalSection(SolutionProperties) = preSolution
		HideSolutionNode = FALSE
	EndGlobalSection
EndGlobal
