
Microsoft Visual Studio Solution File, Format Version 12.00
# Visual Studio 2012
Project("{8BC9CEB8-8B4A-11D0-8D11-00A0C91BC942}") = "Q30AlternateNumbers", "Q30AlternateNumbers\Q30AlternateNumbers.vcxproj", "{F18F978D-CFA9-4BBD-8E8C-D50271983045}"
EndProject
Global
	GlobalSection(SolutionConfigurationPlatforms) = preSolution
		Debug|Win32 = Debug|Win32
		Release|Win32 = Release|Win32
	EndGlobalSection
	GlobalSection(ProjectConfigurationPlatforms) = postSolution
		{F18F978D-CFA9-4BBD-8E8C-D50271983045}.Debug|Win32.ActiveCfg = Debug|Win32
		{F18F978D-CFA9-4BBD-8E8C-D50271983045}.Debug|Win32.Build.0 = Debug|Win32
		{F18F978D-CFA9-4BBD-8E8C-D50271983045}.Release|Win32.ActiveCfg = Release|Win32
		{F18F978D-CFA9-4BBD-8E8C-D50271983045}.Release|Win32.Build.0 = Release|Win32
	EndGlobalSection
	GlobalSection(SolutionProperties) = preSolution
		HideSolutionNode = FALSE
	EndGlobalSection
EndGlobal
